
Microsoft Visual Studio Solution File, Format Version 10.00
# Visual Studio 2008
Project("{FAE04EC0-301F-11D3-BF4B-00C04F79EFBC}") = "CSSCodeProvider", "CSSCodeProvider.csproj", "{187420D0-C882-4E1C-A365-F97D0B223226}"
EndProject
Project("{FAE04EC0-301F-11D3-BF4B-00C04F79EFBC}") = "CSSCodeProvider.Tests", "CSSCodeProvider.Tests\CSSCodeProvider.Tests.csproj", "{38430012-4614-4520-883A-2FB5E639884A}"
EndProject
Global
	GlobalSection(SolutionConfigurationPlatforms) = preSolution
		Debug|Any CPU = Debug|Any CPU
		Release|Any CPU = Release|Any CPU
	EndGlobalSection
	GlobalSection(ProjectConfigurationPlatforms) = postSolution
		{187420D0-C882-4E1C-A365-F97D0B223226}.Debug|Any CPU.ActiveCfg = Debug|Any CPU
		{187420D0-C882-4E1C-A365-F97D0B223226}.Debug|Any CPU.Build.0 = Debug|Any CPU
		{187420D0-C882-4E1C-A365-F97D0B223226}.Release|Any CPU.ActiveCfg = Release|Any CPU
		{187420D0-C882-4E1C-A365-F97D0B223226}.Release|Any CPU.Build.0 = Release|Any CPU
		{38430012-4614-4520-883A-2FB5E639884A}.Debug|Any CPU.ActiveCfg = Debug|Any CPU
		{38430012-4614-4520-883A-2FB5E639884A}.Debug|Any CPU.Build.0 = Debug|Any CPU
		{38430012-4614-4520-883A-2FB5E639884A}.Release|Any CPU.ActiveCfg = Release|Any CPU
		{38430012-4614-4520-883A-2FB5E639884A}.Release|Any CPU.Build.0 = Release|Any CPU
	EndGlobalSection
	GlobalSection(SolutionProperties) = preSolution
		HideSolutionNode = FALSE
	EndGlobalSection
EndGlobal
