
Microsoft Visual Studio Solution File, Format Version 12.00
# Visual Studio 15
VisualStudioVersion = 15.0.27428.2043
MinimumVisualStudioVersion = 10.0.40219.1
Project("{9A19103F-16F7-4668-BE54-9A1E7A4F7556}") = "cscs.eng", "cscs.eng\cscs.eng.csproj", "{14CE2784-9214-4763-AEFB-BD4EFEB7E86A}"
EndProject
Project("{9A19103F-16F7-4668-BE54-9A1E7A4F7556}") = "cscs.exe.core", "cscs.exe.core\cscs.exe.core.csproj", "{20E064E3-541A-421E-8DDA-5416C19A881A}"
EndProject
Project("{FAE04EC0-301F-11D3-BF4B-00C04F79EFBC}") = "cscs.exe.full", "cscs.exe.full\cscs.exe.full.csproj", "{B0911A74-BD2B-4530-8803-0582E1F1E62E}"
EndProject
Global
	GlobalSection(SolutionConfigurationPlatforms) = preSolution
		Debug|Any CPU = Debug|Any CPU
		Release|Any CPU = Release|Any CPU
	EndGlobalSection
	GlobalSection(ProjectConfigurationPlatforms) = postSolution
		{14CE2784-9214-4763-AEFB-BD4EFEB7E86A}.Debug|Any CPU.ActiveCfg = Debug|Any CPU
		{14CE2784-9214-4763-AEFB-BD4EFEB7E86A}.Debug|Any CPU.Build.0 = Debug|Any CPU
		{14CE2784-9214-4763-AEFB-BD4EFEB7E86A}.Release|Any CPU.ActiveCfg = Release|Any CPU
		{14CE2784-9214-4763-AEFB-BD4EFEB7E86A}.Release|Any CPU.Build.0 = Release|Any CPU
		{20E064E3-541A-421E-8DDA-5416C19A881A}.Debug|Any CPU.ActiveCfg = Debug|Any CPU
		{20E064E3-541A-421E-8DDA-5416C19A881A}.Debug|Any CPU.Build.0 = Debug|Any CPU
		{20E064E3-541A-421E-8DDA-5416C19A881A}.Release|Any CPU.ActiveCfg = Release|Any CPU
		{20E064E3-541A-421E-8DDA-5416C19A881A}.Release|Any CPU.Build.0 = Release|Any CPU
		{B0911A74-BD2B-4530-8803-0582E1F1E62E}.Debug|Any CPU.ActiveCfg = Debug|Any CPU
		{B0911A74-BD2B-4530-8803-0582E1F1E62E}.Debug|Any CPU.Build.0 = Debug|Any CPU
		{B0911A74-BD2B-4530-8803-0582E1F1E62E}.Release|Any CPU.ActiveCfg = Release|Any CPU
		{B0911A74-BD2B-4530-8803-0582E1F1E62E}.Release|Any CPU.Build.0 = Release|Any CPU
	EndGlobalSection
	GlobalSection(SolutionProperties) = preSolution
		HideSolutionNode = FALSE
	EndGlobalSection
	GlobalSection(ExtensibilityGlobals) = postSolution
		SolutionGuid = {10FFEE83-12D5-4B24-8AAF-CAF6DDCDD953}
	EndGlobalSection
EndGlobal
