
Microsoft Visual Studio Solution File, Format Version 11.00
# Visual Studio 2012
Project("{FAE04EC0-301F-11D3-BF4B-00C04F79EFBC}") = "css_config", "css_config.csproj", "{8860B29B-749F-4925-86C8-F9C4B93C9DA5}"
EndProject
Global
	GlobalSection(SharpSetup) = preSolution
		Version = 1.2
	EndGlobalSection
	GlobalSection(SolutionConfigurationPlatforms) = preSolution
		Debug|Any CPU = Debug|Any CPU
		Release|Any CPU = Release|Any CPU
	EndGlobalSection
	GlobalSection(ProjectConfigurationPlatforms) = postSolution
		{8860B29B-749F-4925-86C8-F9C4B93C9DA5}.Debug|Any CPU.ActiveCfg = Debug|Any CPU
		{8860B29B-749F-4925-86C8-F9C4B93C9DA5}.Debug|Any CPU.Build.0 = Debug|Any CPU
		{8860B29B-749F-4925-86C8-F9C4B93C9DA5}.Release|Any CPU.ActiveCfg = Release|Any CPU
		{8860B29B-749F-4925-86C8-F9C4B93C9DA5}.Release|Any CPU.Build.0 = Release|Any CPU
	EndGlobalSection
	GlobalSection(SolutionProperties) = preSolution
		HideSolutionNode = FALSE
	EndGlobalSection
EndGlobal
