Microsoft Visual Studio Solution File, Format Version 9.00
# Visual Studio 2005
Project("{FAE04EC0-301F-11D3-BF4B-00C04F79EFBC}") = "CSSCodeProvider", "CSSCodeProvider.csproj", "{6491252C-B7D9-40CA-9B7C-6C7EC24A826B}"
EndProject
Global
	GlobalSection(SolutionConfigurationPlatforms) = preSolution
		Debug|Any CPU = Debug|Any CPU
		Release|Any CPU = Release|Any CPU
	EndGlobalSection
	GlobalSection(ProjectConfigurationPlatforms) = postSolution
		{6491252C-B7D9-40CA-9B7C-6C7EC24A826B}.Debug|Any CPU.ActiveCfg = Debug|Any CPU
		{6491252C-B7D9-40CA-9B7C-6C7EC24A826B}.Debug|Any CPU.Build.0 = Debug|Any CPU
		{6491252C-B7D9-40CA-9B7C-6C7EC24A826B}.Release|Any CPU.ActiveCfg = Release|Any CPU
		{6491252C-B7D9-40CA-9B7C-6C7EC24A826B}.Release|Any CPU.Build.0 = Release|Any CPU
	EndGlobalSection
	GlobalSection(SolutionProperties) = preSolution
		HideSolutionNode = FALSE
	EndGlobalSection
EndGlobal
