
Microsoft Visual Studio Solution File, Format Version 12.00
# Visual Studio Version 16
VisualStudioVersion = 16.0.28803.202
MinimumVisualStudioVersion = 10.0.40219.1
Project("{9A19103F-16F7-4668-BE54-9A1E7A4F7556}") = "CSScriptLib", "CSScriptLib\src\CSScriptLib\CSScriptLib.csproj", "{55C76AC3-5FD6-4974-AF40-E4966126D09F}"
	ProjectSection(ProjectDependencies) = postProject
		{E1531A93-F78D-406D-B3F6-06367908F619} = {E1531A93-F78D-406D-B3F6-06367908F619}
	EndProjectSection
EndProject
Project("{9A19103F-16F7-4668-BE54-9A1E7A4F7556}") = "cscs", "cscs\cscs.csproj", "{847D3D48-443D-42F6-BB42-9467EC22994B}"
	ProjectSection(ProjectDependencies) = postProject
		{E1531A93-F78D-406D-B3F6-06367908F619} = {E1531A93-F78D-406D-B3F6-06367908F619}
	EndProjectSection
EndProject
Project("{9A19103F-16F7-4668-BE54-9A1E7A4F7556}") = "csws", "csws\csws.csproj", "{856DEA01-07B4-472D-9B82-73B37BBD1A25}"
	ProjectSection(ProjectDependencies) = postProject
		{E1531A93-F78D-406D-B3F6-06367908F619} = {E1531A93-F78D-406D-B3F6-06367908F619}
	EndProjectSection
EndProject
Project("{9A19103F-16F7-4668-BE54-9A1E7A4F7556}") = "BuildServer", "BuildServer\BuildServer.csproj", "{E1531A93-F78D-406D-B3F6-06367908F619}"
EndProject
Project("{9A19103F-16F7-4668-BE54-9A1E7A4F7556}") = "Tests.CLI", "Tests.cscs\Tests.CLI.csproj", "{52B0AD60-8BA7-40EB-B07B-5661057DBBBA}"
EndProject
Project("{9A19103F-16F7-4668-BE54-9A1E7A4F7556}") = "Tests.CSScriptLib", "Tests.CSScriptLib\Tests.CSScriptLib.csproj", "{D28BEA4E-4680-4CFF-B13C-9BAE7AF1FE4A}"
EndProject
Project("{9A19103F-16F7-4668-BE54-9A1E7A4F7556}") = "Client.NET_5-CLI", "CSScriptLib\src\Client.NET-Core\Client.NET_5-CLI.csproj", "{C6172C46-BC09-47A5-B8DC-2987EDDE45EB}"
EndProject
Project("{2150E333-8FDC-42A3-9474-1A3956D46DE8}") = "Samples", "Samples", "{067A70CC-5214-43E0-AED8-908C710459FC}"
EndProject
Project("{2150E333-8FDC-42A3-9474-1A3956D46DE8}") = "Tests", "Tests", "{3191C2A2-697D-434A-8C94-CF1694DD649B}"
EndProject
Project("{FAE04EC0-301F-11D3-BF4B-00C04F79EFBC}") = "Client.NET_Framework (CodeDom)", "CSScriptLib\src\Client.NET-Framework (CodeDom)\Client.NET_Framework (CodeDom).csproj", "{737D212F-67D8-4695-BE1C-C98243ADE993}"
EndProject
Project("{FAE04EC0-301F-11D3-BF4B-00C04F79EFBC}") = "Client.NET_Framework (Roslyn+CodeDom)", "CSScriptLib\src\Client.NET-Framework (Roslyn+CodeDom)\Client.NET_Framework (Roslyn+CodeDom).csproj", "{4EB601D3-3643-464E-90C6-A49F97420CDF}"
EndProject
Project("{2150E333-8FDC-42A3-9474-1A3956D46DE8}") = "CLI", "CLI", "{6004D708-5D76-4CE2-A243-91F5D296C59B}"
EndProject
Project("{2150E333-8FDC-42A3-9474-1A3956D46DE8}") = "ClassLib", "ClassLib", "{AD647B83-35A2-4B81-B2BF-82CCD7E55C2C}"
EndProject
Project("{9A19103F-16F7-4668-BE54-9A1E7A4F7556}") = "Client.NET_5-WPF", "CSScriptLib\src\Client.WPF\Client.NET_5-WPF.csproj", "{67314C02-51A5-48CF-A4F1-43307928F372}"
EndProject
Project("{2150E333-8FDC-42A3-9474-1A3956D46DE8}") = "BuildServer", "BuildServer", "{B88CA45B-B3E9-4B93-A5B2-07136ED6B83C}"
EndProject
Project("{2150E333-8FDC-42A3-9474-1A3956D46DE8}") = "Solution Items", "Solution Items", "{607BCC73-452D-4807-8DF8-13BF8140C841}"
	ProjectSection(SolutionItems) = preProject
		.editorconfig = .editorconfig
	EndProjectSection
EndProject
Global
	GlobalSection(SolutionConfigurationPlatforms) = preSolution
		Debug|Any CPU = Debug|Any CPU
		Release|Any CPU = Release|Any CPU
	EndGlobalSection
	GlobalSection(ProjectConfigurationPlatforms) = postSolution
		{55C76AC3-5FD6-4974-AF40-E4966126D09F}.Debug|Any CPU.ActiveCfg = Debug|Any CPU
		{55C76AC3-5FD6-4974-AF40-E4966126D09F}.Debug|Any CPU.Build.0 = Debug|Any CPU
		{55C76AC3-5FD6-4974-AF40-E4966126D09F}.Release|Any CPU.ActiveCfg = Release|Any CPU
		{55C76AC3-5FD6-4974-AF40-E4966126D09F}.Release|Any CPU.Build.0 = Release|Any CPU
		{847D3D48-443D-42F6-BB42-9467EC22994B}.Debug|Any CPU.ActiveCfg = Debug|Any CPU
		{847D3D48-443D-42F6-BB42-9467EC22994B}.Debug|Any CPU.Build.0 = Debug|Any CPU
		{847D3D48-443D-42F6-BB42-9467EC22994B}.Release|Any CPU.ActiveCfg = Release|Any CPU
		{847D3D48-443D-42F6-BB42-9467EC22994B}.Release|Any CPU.Build.0 = Release|Any CPU
		{856DEA01-07B4-472D-9B82-73B37BBD1A25}.Debug|Any CPU.ActiveCfg = Debug|Any CPU
		{856DEA01-07B4-472D-9B82-73B37BBD1A25}.Debug|Any CPU.Build.0 = Debug|Any CPU
		{856DEA01-07B4-472D-9B82-73B37BBD1A25}.Release|Any CPU.ActiveCfg = Release|Any CPU
		{856DEA01-07B4-472D-9B82-73B37BBD1A25}.Release|Any CPU.Build.0 = Release|Any CPU
		{E1531A93-F78D-406D-B3F6-06367908F619}.Debug|Any CPU.ActiveCfg = Debug|Any CPU
		{E1531A93-F78D-406D-B3F6-06367908F619}.Debug|Any CPU.Build.0 = Debug|Any CPU
		{E1531A93-F78D-406D-B3F6-06367908F619}.Release|Any CPU.ActiveCfg = Release|Any CPU
		{E1531A93-F78D-406D-B3F6-06367908F619}.Release|Any CPU.Build.0 = Release|Any CPU
		{52B0AD60-8BA7-40EB-B07B-5661057DBBBA}.Debug|Any CPU.ActiveCfg = Debug|Any CPU
		{52B0AD60-8BA7-40EB-B07B-5661057DBBBA}.Debug|Any CPU.Build.0 = Debug|Any CPU
		{52B0AD60-8BA7-40EB-B07B-5661057DBBBA}.Release|Any CPU.ActiveCfg = Release|Any CPU
		{52B0AD60-8BA7-40EB-B07B-5661057DBBBA}.Release|Any CPU.Build.0 = Release|Any CPU
		{D28BEA4E-4680-4CFF-B13C-9BAE7AF1FE4A}.Debug|Any CPU.ActiveCfg = Debug|Any CPU
		{D28BEA4E-4680-4CFF-B13C-9BAE7AF1FE4A}.Debug|Any CPU.Build.0 = Debug|Any CPU
		{D28BEA4E-4680-4CFF-B13C-9BAE7AF1FE4A}.Release|Any CPU.ActiveCfg = Release|Any CPU
		{D28BEA4E-4680-4CFF-B13C-9BAE7AF1FE4A}.Release|Any CPU.Build.0 = Release|Any CPU
		{C6172C46-BC09-47A5-B8DC-2987EDDE45EB}.Debug|Any CPU.ActiveCfg = Debug|Any CPU
		{C6172C46-BC09-47A5-B8DC-2987EDDE45EB}.Debug|Any CPU.Build.0 = Debug|Any CPU
		{C6172C46-BC09-47A5-B8DC-2987EDDE45EB}.Release|Any CPU.ActiveCfg = Release|Any CPU
		{C6172C46-BC09-47A5-B8DC-2987EDDE45EB}.Release|Any CPU.Build.0 = Release|Any CPU
		{737D212F-67D8-4695-BE1C-C98243ADE993}.Debug|Any CPU.ActiveCfg = Debug|Any CPU
		{737D212F-67D8-4695-BE1C-C98243ADE993}.Debug|Any CPU.Build.0 = Debug|Any CPU
		{737D212F-67D8-4695-BE1C-C98243ADE993}.Release|Any CPU.ActiveCfg = Release|Any CPU
		{737D212F-67D8-4695-BE1C-C98243ADE993}.Release|Any CPU.Build.0 = Release|Any CPU
		{4EB601D3-3643-464E-90C6-A49F97420CDF}.Debug|Any CPU.ActiveCfg = Debug|Any CPU
		{4EB601D3-3643-464E-90C6-A49F97420CDF}.Debug|Any CPU.Build.0 = Debug|Any CPU
		{4EB601D3-3643-464E-90C6-A49F97420CDF}.Release|Any CPU.ActiveCfg = Release|Any CPU
		{4EB601D3-3643-464E-90C6-A49F97420CDF}.Release|Any CPU.Build.0 = Release|Any CPU
		{67314C02-51A5-48CF-A4F1-43307928F372}.Debug|Any CPU.ActiveCfg = Debug|Any CPU
		{67314C02-51A5-48CF-A4F1-43307928F372}.Debug|Any CPU.Build.0 = Debug|Any CPU
		{67314C02-51A5-48CF-A4F1-43307928F372}.Release|Any CPU.ActiveCfg = Release|Any CPU
		{67314C02-51A5-48CF-A4F1-43307928F372}.Release|Any CPU.Build.0 = Release|Any CPU
	EndGlobalSection
	GlobalSection(SolutionProperties) = preSolution
		HideSolutionNode = FALSE
	EndGlobalSection
	GlobalSection(NestedProjects) = preSolution
		{55C76AC3-5FD6-4974-AF40-E4966126D09F} = {AD647B83-35A2-4B81-B2BF-82CCD7E55C2C}
		{847D3D48-443D-42F6-BB42-9467EC22994B} = {6004D708-5D76-4CE2-A243-91F5D296C59B}
		{856DEA01-07B4-472D-9B82-73B37BBD1A25} = {6004D708-5D76-4CE2-A243-91F5D296C59B}
		{E1531A93-F78D-406D-B3F6-06367908F619} = {B88CA45B-B3E9-4B93-A5B2-07136ED6B83C}
		{52B0AD60-8BA7-40EB-B07B-5661057DBBBA} = {3191C2A2-697D-434A-8C94-CF1694DD649B}
		{D28BEA4E-4680-4CFF-B13C-9BAE7AF1FE4A} = {3191C2A2-697D-434A-8C94-CF1694DD649B}
		{C6172C46-BC09-47A5-B8DC-2987EDDE45EB} = {067A70CC-5214-43E0-AED8-908C710459FC}
		{067A70CC-5214-43E0-AED8-908C710459FC} = {AD647B83-35A2-4B81-B2BF-82CCD7E55C2C}
		{737D212F-67D8-4695-BE1C-C98243ADE993} = {067A70CC-5214-43E0-AED8-908C710459FC}
		{4EB601D3-3643-464E-90C6-A49F97420CDF} = {067A70CC-5214-43E0-AED8-908C710459FC}
		{67314C02-51A5-48CF-A4F1-43307928F372} = {067A70CC-5214-43E0-AED8-908C710459FC}
	EndGlobalSection
	GlobalSection(ExtensibilityGlobals) = postSolution
		SolutionGuid = {10FFEE83-12D5-4B24-8AAF-CAF6DDCDD953}
	EndGlobalSection
EndGlobal
