Microsoft Visual Studio Solution File, Format Version 12.00
# Visual Studio 14
VisualStudioVersion = 14.0.24720.0
MinimumVisualStudioVersion = 10.0.40219.1
Project("{FAE04EC0-301F-11D3-BF4B-00C04F79EFBC}") = "cscscript", "cscscript\cscscript.csproj", "{7DD203B9-D251-46BF-9175-5CE3786C9705}"
EndProject
Project("{FAE04EC0-301F-11D3-BF4B-00C04F79EFBC}") = "cswscript", "cswscript\cswscript.csproj", "{BB38EC0E-0AEA-46ED-9581-660375DBF7BA}"
EndProject
Project("{FAE04EC0-301F-11D3-BF4B-00C04F79EFBC}") = "CSScriptLibrary", "CSScriptLibrary\CSScriptLibrary.csproj", "{F33DDB9A-918F-43D9-A1CF-CECD269AD958}"
EndProject
Project("{FAE04EC0-301F-11D3-BF4B-00C04F79EFBC}") = "Tests", "Tests\Tests.csproj", "{4BDFA5A9-830A-4F5C-A468-69B5C91A42D2}"
EndProject
Global
	GlobalSection(SolutionConfigurationPlatforms) = preSolution
		Debug|Any CPU = Debug|Any CPU
		Release|Any CPU = Release|Any CPU
	EndGlobalSection
	GlobalSection(ProjectConfigurationPlatforms) = postSolution
		{7DD203B9-D251-46BF-9175-5CE3786C9705}.Debug|Any CPU.ActiveCfg = Debug|Any CPU
		{7DD203B9-D251-46BF-9175-5CE3786C9705}.Debug|Any CPU.Build.0 = Debug|Any CPU
		{7DD203B9-D251-46BF-9175-5CE3786C9705}.Release|Any CPU.ActiveCfg = Release|Any CPU
		{7DD203B9-D251-46BF-9175-5CE3786C9705}.Release|Any CPU.Build.0 = Release|Any CPU
		{BB38EC0E-0AEA-46ED-9581-660375DBF7BA}.Debug|Any CPU.ActiveCfg = Debug|Any CPU
		{BB38EC0E-0AEA-46ED-9581-660375DBF7BA}.Debug|Any CPU.Build.0 = Debug|Any CPU
		{BB38EC0E-0AEA-46ED-9581-660375DBF7BA}.Release|Any CPU.ActiveCfg = Release|Any CPU
		{BB38EC0E-0AEA-46ED-9581-660375DBF7BA}.Release|Any CPU.Build.0 = Release|Any CPU
		{F33DDB9A-918F-43D9-A1CF-CECD269AD958}.Debug|Any CPU.ActiveCfg = Debug|Any CPU
		{F33DDB9A-918F-43D9-A1CF-CECD269AD958}.Debug|Any CPU.Build.0 = Debug|Any CPU
		{F33DDB9A-918F-43D9-A1CF-CECD269AD958}.Release|Any CPU.ActiveCfg = Release|Any CPU
		{F33DDB9A-918F-43D9-A1CF-CECD269AD958}.Release|Any CPU.Build.0 = Release|Any CPU
		{4BDFA5A9-830A-4F5C-A468-69B5C91A42D2}.Debug|Any CPU.ActiveCfg = Debug|Any CPU
		{4BDFA5A9-830A-4F5C-A468-69B5C91A42D2}.Debug|Any CPU.Build.0 = Debug|Any CPU
		{4BDFA5A9-830A-4F5C-A468-69B5C91A42D2}.Release|Any CPU.ActiveCfg = Release|Any CPU
		{4BDFA5A9-830A-4F5C-A468-69B5C91A42D2}.Release|Any CPU.Build.0 = Release|Any CPU
	EndGlobalSection
	GlobalSection(SolutionProperties) = preSolution
		HideSolutionNode = FALSE
	EndGlobalSection
EndGlobal
